// !$*UTF8*$!
{
	archiveVersion = 1;
	classes = {
	};
	objectVersion = 46;
	objects = {

/* Begin PBXBuildFile section */
		AF603C881D2EA29F00AB8EB5 /* FlatColors.swift in Sources */ = {isa = PBXBuildFile; fileRef = AF603C871D2EA29F00AB8EB5 /* FlatColors.swift */; };
		AFF7F10F1D2D3BE000ED82E2 /* KLKit.h in Headers */ = {isa = PBXBuildFile; fileRef = AFF7F10E1D2D3BE000ED82E2 /* KLKit.h */; settings = {ATTRIBUTES = (Public, ); }; };
		AFF7F1161D2D3BE100ED82E2 /* KLKit.framework in Frameworks */ = {isa = PBXBuildFile; fileRef = AFF7F10B1D2D3BE000ED82E2 /* KLKit.framework */; };
		AFF7F11B1D2D3BE100ED82E2 /* KLKitTests.swift in Sources */ = {isa = PBXBuildFile; fileRef = AFF7F11A1D2D3BE100ED82E2 /* KLKitTests.swift */; };
		AFF7F1521D2D3C6D00ED82E2 /* UIViewControllerExtension.swift in Sources */ = {isa = PBXBuildFile; fileRef = AFF7F1511D2D3C6D00ED82E2 /* UIViewControllerExtension.swift */; };
/* End PBXBuildFile section */

/* Begin PBXContainerItemProxy section */
		AFF7F1171D2D3BE100ED82E2 /* PBXContainerItemProxy */ = {
			isa = PBXContainerItemProxy;
			containerPortal = AFF7F1021D2D3BE000ED82E2 /* Project object */;
			proxyType = 1;
			remoteGlobalIDString = AFF7F10A1D2D3BE000ED82E2;
			remoteInfo = KLKit;
		};
/* End PBXContainerItemProxy section */

/* Begin PBXFileReference section */
		AF603C871D2EA29F00AB8EB5 /* FlatColors.swift */ = {isa = PBXFileReference; fileEncoding = 4; lastKnownFileType = sourcecode.swift; path = FlatColors.swift; sourceTree = "<group>"; };
		AFF7F10B1D2D3BE000ED82E2 /* KLKit.framework */ = {isa = PBXFileReference; explicitFileType = wrapper.framework; includeInIndex = 0; path = KLKit.framework; sourceTree = BUILT_PRODUCTS_DIR; };
		AFF7F10E1D2D3BE000ED82E2 /* KLKit.h */ = {isa = PBXFileReference; lastKnownFileType = sourcecode.c.h; path = KLKit.h; sourceTree = "<group>"; };
		AFF7F1101D2D3BE000ED82E2 /* Info.plist */ = {isa = PBXFileReference; lastKnownFileType = text.plist.xml; path = Info.plist; sourceTree = "<group>"; };
		AFF7F1151D2D3BE100ED82E2 /* KLKitTests.xctest */ = {isa = PBXFileReference; explicitFileType = wrapper.cfbundle; includeInIndex = 0; path = KLKitTests.xctest; sourceTree = BUILT_PRODUCTS_DIR; };
		AFF7F11A1D2D3BE100ED82E2 /* KLKitTests.swift */ = {isa = PBXFileReference; lastKnownFileType = sourcecode.swift; path = KLKitTests.swift; sourceTree = "<group>"; };
		AFF7F11C1D2D3BE100ED82E2 /* Info.plist */ = {isa = PBXFileReference; lastKnownFileType = text.plist.xml; path = Info.plist; sourceTree = "<group>"; };
		AFF7F1511D2D3C6D00ED82E2 /* UIViewControllerExtension.swift */ = {isa = PBXFileReference; fileEncoding = 4; lastKnownFileType = sourcecode.swift; path = UIViewControllerExtension.swift; sourceTree = "<group>"; };
/* End PBXFileReference section */

/* Begin PBXFrameworksBuildPhase section */
		AFF7F1071D2D3BE000ED82E2 /* Frameworks */ = {
			isa = PBXFrameworksBuildPhase;
			buildActionMask = 2147483647;
			files = (
			);
			runOnlyForDeploymentPostprocessing = 0;
		};
		AFF7F1121D2D3BE100ED82E2 /* Frameworks */ = {
			isa = PBXFrameworksBuildPhase;
			buildActionMask = 2147483647;
			files = (
				AFF7F1161D2D3BE100ED82E2 /* KLKit.framework in Frameworks */,
			);
			runOnlyForDeploymentPostprocessing = 0;
		};
/* End PBXFrameworksBuildPhase section */

/* Begin PBXGroup section */
		AF603C891D2EA2A500AB8EB5 /* Foundation */ = {
			isa = PBXGroup;
			children = (
				AF603C871D2EA29F00AB8EB5 /* FlatColors.swift */,
			);
			name = Foundation;
			sourceTree = "<group>";
		};
		AFF7F1011D2D3BE000ED82E2 = {
			isa = PBXGroup;
			children = (
				AFF7F10D1D2D3BE000ED82E2 /* KLKit */,
				AFF7F1191D2D3BE100ED82E2 /* KLKitTests */,
				AFF7F10C1D2D3BE000ED82E2 /* Products */,
			);
			sourceTree = "<group>";
		};
		AFF7F10C1D2D3BE000ED82E2 /* Products */ = {
			isa = PBXGroup;
			children = (
				AFF7F10B1D2D3BE000ED82E2 /* KLKit.framework */,
				AFF7F1151D2D3BE100ED82E2 /* KLKitTests.xctest */,
			);
			name = Products;
			sourceTree = "<group>";
		};
		AFF7F10D1D2D3BE000ED82E2 /* KLKit */ = {
			isa = PBXGroup;
			children = (
				AFF7F10E1D2D3BE000ED82E2 /* KLKit.h */,
				AFF7F1101D2D3BE000ED82E2 /* Info.plist */,
				AFF7F1531D2D3C9100ED82E2 /* UIKit */,
				AF603C891D2EA2A500AB8EB5 /* Foundation */,
			);
			path = KLKit;
			sourceTree = "<group>";
		};
		AFF7F1191D2D3BE100ED82E2 /* KLKitTests */ = {
			isa = PBXGroup;
			children = (
				AFF7F11A1D2D3BE100ED82E2 /* KLKitTests.swift */,
				AFF7F11C1D2D3BE100ED82E2 /* Info.plist */,
			);
			path = KLKitTests;
			sourceTree = "<group>";
		};
		AFF7F1531D2D3C9100ED82E2 /* UIKit */ = {
			isa = PBXGroup;
			children = (
				AFF7F1511D2D3C6D00ED82E2 /* UIViewControllerExtension.swift */,
			);
			name = UIKit;
			sourceTree = "<group>";
		};
/* End PBXGroup section */

/* Begin PBXHeadersBuildPhase section */
		AFF7F1081D2D3BE000ED82E2 /* Headers */ = {
			isa = PBXHeadersBuildPhase;
			buildActionMask = 2147483647;
			files = (
				AFF7F10F1D2D3BE000ED82E2 /* KLKit.h in Headers */,
			);
			runOnlyForDeploymentPostprocessing = 0;
		};
/* End PBXHeadersBuildPhase section */

/* Begin PBXNativeTarget section */
		AFF7F10A1D2D3BE000ED82E2 /* KLKit */ = {
			isa = PBXNativeTarget;
			buildConfigurationList = AFF7F11F1D2D3BE100ED82E2 /* Build configuration list for PBXNativeTarget "KLKit" */;
			buildPhases = (
				AFF7F1061D2D3BE000ED82E2 /* Sources */,
				AFF7F1071D2D3BE000ED82E2 /* Frameworks */,
				AFF7F1081D2D3BE000ED82E2 /* Headers */,
				AFF7F1091D2D3BE000ED82E2 /* Resources */,
			);
			buildRules = (
			);
			dependencies = (
			);
			name = KLKit;
			productName = KLKit;
			productReference = AFF7F10B1D2D3BE000ED82E2 /* KLKit.framework */;
			productType = "com.apple.product-type.framework";
		};
		AFF7F1141D2D3BE100ED82E2 /* KLKitTests */ = {
			isa = PBXNativeTarget;
			buildConfigurationList = AFF7F1221D2D3BE100ED82E2 /* Build configuration list for PBXNativeTarget "KLKitTests" */;
			buildPhases = (
				AFF7F1111D2D3BE100ED82E2 /* Sources */,
				AFF7F1121D2D3BE100ED82E2 /* Frameworks */,
				AFF7F1131D2D3BE100ED82E2 /* Resources */,
			);
			buildRules = (
			);
			dependencies = (
				AFF7F1181D2D3BE100ED82E2 /* PBXTargetDependency */,
			);
			name = KLKitTests;
			productName = KLKitTests;
			productReference = AFF7F1151D2D3BE100ED82E2 /* KLKitTests.xctest */;
			productType = "com.apple.product-type.bundle.unit-test";
		};
/* End PBXNativeTarget section */

/* Begin PBXProject section */
		AFF7F1021D2D3BE000ED82E2 /* Project object */ = {
			isa = PBXProject;
			attributes = {
				LastSwiftUpdateCheck = 0730;
				LastUpgradeCheck = 0730;
				ORGANIZATIONNAME = kangleyu;
				TargetAttributes = {
					AFF7F10A1D2D3BE000ED82E2 = {
						CreatedOnToolsVersion = 7.3.1;
						DevelopmentTeam = 422W6YBHTM;
					};
					AFF7F1141D2D3BE100ED82E2 = {
						CreatedOnToolsVersion = 7.3.1;
						DevelopmentTeam = 422W6YBHTM;
					};
				};
			};
			buildConfigurationList = AFF7F1051D2D3BE000ED82E2 /* Build configuration list for PBXProject "KLKit" */;
			compatibilityVersion = "Xcode 3.2";
			developmentRegion = English;
			hasScannedForEncodings = 0;
			knownRegions = (
				en,
			);
			mainGroup = AFF7F1011D2D3BE000ED82E2;
			productRefGroup = AFF7F10C1D2D3BE000ED82E2 /* Products */;
			projectDirPath = "";
			projectRoot = "";
			targets = (
				AFF7F10A1D2D3BE000ED82E2 /* KLKit */,
				AFF7F1141D2D3BE100ED82E2 /* KLKitTests */,
			);
		};
/* End PBXProject section */

/* Begin PBXResourcesBuildPhase section */
		AFF7F1091D2D3BE000ED82E2 /* Resources */ = {
			isa = PBXResourcesBuildPhase;
			buildActionMask = 2147483647;
			files = (
			);
			runOnlyForDeploymentPostprocessing = 0;
		};
		AFF7F1131D2D3BE100ED82E2 /* Resources */ = {
			isa = PBXResourcesBuildPhase;
			buildActionMask = 2147483647;
			files = (
			);
			runOnlyForDeploymentPostprocessing = 0;
		};
/* End PBXResourcesBuildPhase section */

/* Begin PBXSourcesBuildPhase section */
		AFF7F1061D2D3BE000ED82E2 /* Sources */ = {
			isa = PBXSourcesBuildPhase;
			buildActionMask = 2147483647;
			files = (
				AFF7F1521D2D3C6D00ED82E2 /* UIViewControllerExtension.swift in Sources */,
				AF603C881D2EA29F00AB8EB5 /* FlatColors.swift in Sources */,
			);
			runOnlyForDeploymentPostprocessing = 0;
		};
		AFF7F1111D2D3BE100ED82E2 /* Sources */ = {
			isa = PBXSourcesBuildPhase;
			buildActionMask = 2147483647;
			files = (
				AFF7F11B1D2D3BE100ED82E2 /* KLKitTests.swift in Sources */,
			);
			runOnlyForDeploymentPostprocessing = 0;
		};
/* End PBXSourcesBuildPhase section */

/* Begin PBXTargetDependency section */
		AFF7F1181D2D3BE100ED82E2 /* PBXTargetDependency */ = {
			isa = PBXTargetDependency;
			target = AFF7F10A1D2D3BE000ED82E2 /* KLKit */;
			targetProxy = AFF7F1171D2D3BE100ED82E2 /* PBXContainerItemProxy */;
		};
/* End PBXTargetDependency section */

/* Begin XCBuildConfiguration section */
		AFF7F11D1D2D3BE100ED82E2 /* Debug */ = {
			isa = XCBuildConfiguration;
			buildSettings = {
				ALWAYS_SEARCH_USER_PATHS = NO;
				CLANG_ANALYZER_NONNULL = YES;
				CLANG_CXX_LANGUAGE_STANDARD = "gnu++0x";
				CLANG_CXX_LIBRARY = "libc++";
				CLANG_ENABLE_MODULES = YES;
				CLANG_ENABLE_OBJC_ARC = YES;
				CLANG_WARN_BOOL_CONVERSION = YES;
				CLANG_WARN_CONSTANT_CONVERSION = YES;
				CLANG_WARN_DIRECT_OBJC_ISA_USAGE = YES_ERROR;
				CLANG_WARN_EMPTY_BODY = YES;
				CLANG_WARN_ENUM_CONVERSION = YES;
				CLANG_WARN_INT_CONVERSION = YES;
				CLANG_WARN_OBJC_ROOT_CLASS = YES_ERROR;
				CLANG_WARN_UNREACHABLE_CODE = YES;
				CLANG_WARN__DUPLICATE_METHOD_MATCH = YES;
				"CODE_SIGN_IDENTITY[sdk=iphoneos*]" = "iPhone Developer";
				COPY_PHASE_STRIP = NO;
				CURRENT_PROJECT_VERSION = 1;
				DEBUG_INFORMATION_FORMAT = dwarf;
				ENABLE_STRICT_OBJC_MSGSEND = YES;
				ENABLE_TESTABILITY = YES;
				GCC_C_LANGUAGE_STANDARD = gnu99;
				GCC_DYNAMIC_NO_PIC = NO;
				GCC_NO_COMMON_BLOCKS = YES;
				GCC_OPTIMIZATION_LEVEL = 0;
				GCC_PREPROCESSOR_DEFINITIONS = (
					"DEBUG=1",
					"$(inherited)",
				);
				GCC_WARN_64_TO_32_BIT_CONVERSION = YES;
				GCC_WARN_ABOUT_RETURN_TYPE = YES_ERROR;
				GCC_WARN_UNDECLARED_SELECTOR = YES;
				GCC_WARN_UNINITIALIZED_AUTOS = YES_AGGRESSIVE;
				GCC_WARN_UNUSED_FUNCTION = YES;
				GCC_WARN_UNUSED_VARIABLE = YES;
				IPHONEOS_DEPLOYMENT_TARGET = 9.3;
				MTL_ENABLE_DEBUG_INFO = YES;
				ONLY_ACTIVE_ARCH = YES;
				SDKROOT = iphoneos;
				SWIFT_OPTIMIZATION_LEVEL = "-Onone";
				TARGETED_DEVICE_FAMILY = "1,2";
				VERSIONING_SYSTEM = "apple-generic";
				VERSION_INFO_PREFIX = "";
			};
			name = Debug;
		};
		AFF7F11E1D2D3BE100ED82E2 /* Release */ = {
			isa = XCBuildConfiguration;
			buildSettings = {
				ALWAYS_SEARCH_USER_PATHS = NO;
				CLANG_ANALYZER_NONNULL = YES;
				CLANG_CXX_LANGUAGE_STANDARD = "gnu++0x";
				CLANG_CXX_LIBRARY = "libc++";
				CLANG_ENABLE_MODULES = YES;
				CLANG_ENABLE_OBJC_ARC = YES;
				CLANG_WARN_BOOL_CONVERSION = YES;
				CLANG_WARN_CONSTANT_CONVERSION = YES;
				CLANG_WARN_DIRECT_OBJC_ISA_USAGE = YES_ERROR;
				CLANG_WARN_EMPTY_BODY = YES;
				CLANG_WARN_ENUM_CONVERSION = YES;
				CLANG_WARN_INT_CONVERSION = YES;
				CLANG_WARN_OBJC_ROOT_CLASS = YES_ERROR;
				CLANG_WARN_UNREACHABLE_CODE = YES;
				CLANG_WARN__DUPLICATE_METHOD_MATCH = YES;
				"CODE_SIGN_IDENTITY[sdk=iphoneos*]" = "iPhone Developer";
				COPY_PHASE_STRIP = NO;
				CURRENT_PROJECT_VERSION = 1;
				DEBUG_INFORMATION_FORMAT = "dwarf-with-dsym";
				ENABLE_NS_ASSERTIONS = NO;
				ENABLE_STRICT_OBJC_MSGSEND = YES;
				GCC_C_LANGUAGE_STANDARD = gnu99;
				GCC_NO_COMMON_BLOCKS = YES;
				GCC_WARN_64_TO_32_BIT_CONVERSION = YES;
				GCC_WARN_ABOUT_RETURN_TYPE = YES_ERROR;
				GCC_WARN_UNDECLARED_SELECTOR = YES;
				GCC_WARN_UNINITIALIZED_AUTOS = YES_AGGRESSIVE;
				GCC_WARN_UNUSED_FUNCTION = YES;
				GCC_WARN_UNUSED_VARIABLE = YES;
				IPHONEOS_DEPLOYMENT_TARGET = 9.3;
				MTL_ENABLE_DEBUG_INFO = NO;
				SDKROOT = iphoneos;
				TARGETED_DEVICE_FAMILY = "1,2";
				VALIDATE_PRODUCT = YES;
				VERSIONING_SYSTEM = "apple-generic";
				VERSION_INFO_PREFIX = "";
			};
			name = Release;
		};
		AFF7F1201D2D3BE100ED82E2 /* Debug */ = {
			isa = XCBuildConfiguration;
			buildSettings = {
				CLANG_ENABLE_MODULES = YES;
				DEFINES_MODULE = YES;
				DYLIB_COMPATIBILITY_VERSION = 1;
				DYLIB_CURRENT_VERSION = 1;
				DYLIB_INSTALL_NAME_BASE = "@rpath";
				INFOPLIST_FILE = KLKit/Info.plist;
				INSTALL_PATH = "$(LOCAL_LIBRARY_DIR)/Frameworks";
				LD_RUNPATH_SEARCH_PATHS = "$(inherited) @executable_path/Frameworks @loader_path/Frameworks";
				PRODUCT_BUNDLE_IDENTIFIER = kangleyu.me.KLKit;
				PRODUCT_NAME = "$(TARGET_NAME)";
				SKIP_INSTALL = YES;
				SWIFT_OPTIMIZATION_LEVEL = "-Onone";
			};
			name = Debug;
		};
		AFF7F1211D2D3BE100ED82E2 /* Release */ = {
			isa = XCBuildConfiguration;
			buildSettings = {
				CLANG_ENABLE_MODULES = YES;
				DEFINES_MODULE = YES;
				DYLIB_COMPATIBILITY_VERSION = 1;
				DYLIB_CURRENT_VERSION = 1;
				DYLIB_INSTALL_NAME_BASE = "@rpath";
				INFOPLIST_FILE = KLKit/Info.plist;
				INSTALL_PATH = "$(LOCAL_LIBRARY_DIR)/Frameworks";
				LD_RUNPATH_SEARCH_PATHS = "$(inherited) @executable_path/Frameworks @loader_path/Frameworks";
				PRODUCT_BUNDLE_IDENTIFIER = kangleyu.me.KLKit;
				PRODUCT_NAME = "$(TARGET_NAME)";
				SKIP_INSTALL = YES;
			};
			name = Release;
		};
		AFF7F1231D2D3BE100ED82E2 /* Debug */ = {
			isa = XCBuildConfiguration;
			buildSettings = {
				INFOPLIST_FILE = KLKitTests/Info.plist;
				LD_RUNPATH_SEARCH_PATHS = "$(inherited) @executable_path/Frameworks @loader_path/Frameworks";
				PRODUCT_BUNDLE_IDENTIFIER = kangleyu.me.KLKitTests;
				PRODUCT_NAME = "$(TARGET_NAME)";
			};
			name = Debug;
		};
		AFF7F1241D2D3BE100ED82E2 /* Release */ = {
			isa = XCBuildConfiguration;
			buildSettings = {
				INFOPLIST_FILE = KLKitTests/Info.plist;
				LD_RUNPATH_SEARCH_PATHS = "$(inherited) @executable_path/Frameworks @loader_path/Frameworks";
				PRODUCT_BUNDLE_IDENTIFIER = kangleyu.me.KLKitTests;
				PRODUCT_NAME = "$(TARGET_NAME)";
			};
			name = Release;
		};
/* End XCBuildConfiguration section */

/* Begin XCConfigurationList section */
		AFF7F1051D2D3BE000ED82E2 /* Build configuration list for PBXProject "KLKit" */ = {
			isa = XCConfigurationList;
			buildConfigurations = (
				AFF7F11D1D2D3BE100ED82E2 /* Debug */,
				AFF7F11E1D2D3BE100ED82E2 /* Release */,
			);
			defaultConfigurationIsVisible = 0;
			defaultConfigurationName = Release;
		};
		AFF7F11F1D2D3BE100ED82E2 /* Build configuration list for PBXNativeTarget "KLKit" */ = {
			isa = XCConfigurationList;
			buildConfigurations = (
				AFF7F1201D2D3BE100ED82E2 /* Debug */,
				AFF7F1211D2D3BE100ED82E2 /* Release */,
			);
			defaultConfigurationIsVisible = 0;
			defaultConfigurationName = Release;
		};
		AFF7F1221D2D3BE100ED82E2 /* Build configuration list for PBXNativeTarget "KLKitTests" */ = {
			isa = XCConfigurationList;
			buildConfigurations = (
				AFF7F1231D2D3BE100ED82E2 /* Debug */,
				AFF7F1241D2D3BE100ED82E2 /* Release */,
			);
			defaultConfigurationIsVisible = 0;
			defaultConfigurationName = Release;
		};
/* End XCConfigurationList section */
	};
	rootObject = AFF7F1021D2D3BE000ED82E2 /* Project object */;
}
